
Microsoft Visual Studio Solution File, Format Version 12.00
# Visual Studio Version 17
VisualStudioVersion = 17.6.33513.286
MinimumVisualStudioVersion = 10.0.40219.1
Project("{8BC9CEB8-8B4A-11D0-8D11-00A0C91BC942}") = "TestCppUnitTest", "TestCppUnitTest.vcxproj", "{351032B5-DD4B-4680-8DEE-24EE717A9893}"
EndProject
Global
	GlobalSection(SolutionConfigurationPlatforms) = preSolution
		Debug|x64 = Debug|x64
		Debug|x86 = Debug|x86
		Release|x64 = Release|x64
		Release|x86 = Release|x86
	EndGlobalSection
	GlobalSection(ProjectConfigurationPlatforms) = postSolution
		{351032B5-DD4B-4680-8DEE-24EE717A9893}.Debug|x64.ActiveCfg = Debug|x64
		{351032B5-DD4B-4680-8DEE-24EE717A9893}.Debug|x64.Build.0 = Debug|x64
		{351032B5-DD4B-4680-8DEE-24EE717A9893}.Debug|x86.ActiveCfg = Debug|Win32
		{351032B5-DD4B-4680-8DEE-24EE717A9893}.Debug|x86.Build.0 = Debug|Win32
		{351032B5-DD4B-4680-8DEE-24EE717A9893}.Release|x64.ActiveCfg = Release|x64
		{351032B5-DD4B-4680-8DEE-24EE717A9893}.Release|x64.Build.0 = Release|x64
		{351032B5-DD4B-4680-8DEE-24EE717A9893}.Release|x86.ActiveCfg = Release|Win32
		{351032B5-DD4B-4680-8DEE-24EE717A9893}.Release|x86.Build.0 = Release|Win32
	EndGlobalSection
	GlobalSection(SolutionProperties) = preSolution
		HideSolutionNode = FALSE
	EndGlobalSection
	GlobalSection(ExtensibilityGlobals) = postSolution
		SolutionGuid = {4B15B7D8-B564-4BB5-B316-2ACA9F9071B4}
	EndGlobalSection
EndGlobal
